
Microsoft Visual Studio Solution File, Format Version 12.00
# Visual Studio Version 16
VisualStudioVersion = 16.0.31025.194
MinimumVisualStudioVersion = 10.0.40219.1
Project("{2150E333-8FDC-42A3-9474-1A3956D46DE8}") = "src", "src", "{DB7A3565-47A1-4693-A47F-8608995CE348}"
EndProject
Project("{2150E333-8FDC-42A3-9474-1A3956D46DE8}") = "Domain", "Domain", "{D6ABE6AC-E2DE-4CC1-9C10-494A0CE1EF1F}"
EndProject
Project("{9A19103F-16F7-4668-BE54-9A1E7A4F7556}") = "Latchet.Domain", "src\Domain\Latchet.Domain\Latchet.Domain.csproj", "{2E702B8C-8BEF-4AF5-BDA5-3F553DD8F83A}"
EndProject
Project("{2150E333-8FDC-42A3-9474-1A3956D46DE8}") = "Persistence", "Persistence", "{155C70F2-CFF5-41C0-84CB-3A97F8A83D71}"
EndProject
Project("{9A19103F-16F7-4668-BE54-9A1E7A4F7556}") = "Latchet.Persistence.Sql", "src\Persistence\Latchet.Persistence.Sql\Latchet.Persistence.Sql.csproj", "{72AE2D2F-BCBE-4866-AD0B-69AEEE644198}"
EndProject
Project("{2150E333-8FDC-42A3-9474-1A3956D46DE8}") = "Utilities", "Utilities", "{4C9CC590-FD60-415E-A954-7D199EA85E4B}"
EndProject
Project("{9A19103F-16F7-4668-BE54-9A1E7A4F7556}") = "Latchet.Utilities", "src\Utilities\Latchet.Utilities\Latchet.Utilities.csproj", "{685C3AE4-FB0E-431C-B3E7-D051CD6240C6}"
EndProject
Project("{9A19103F-16F7-4668-BE54-9A1E7A4F7556}") = "Latchet.Persistence.Sql.Command", "src\Persistence\Latchet.Persistence.Sql.Command\Latchet.Persistence.Sql.Command.csproj", "{E7719F5C-232F-4D10-B452-049BFE4DA503}"
EndProject
Project("{9A19103F-16F7-4668-BE54-9A1E7A4F7556}") = "Latchet.Persistence.ChangeInterceptors", "src\Persistence\Latchet.Persistence.ChangeInterceptors\Latchet.Persistence.ChangeInterceptors.csproj", "{BC466105-EB10-4AE4-9A49-E2CFFCC7C95E}"
EndProject
Project("{2150E333-8FDC-42A3-9474-1A3956D46DE8}") = "Infrastructures", "Infrastructures", "{F9E6BB8E-714B-4E8A-9C7A-94EBB355D42F}"
EndProject
Project("{2150E333-8FDC-42A3-9474-1A3956D46DE8}") = "Events", "Events", "{2F12810A-87AA-49E2-8C79-042AE6EAEC7C}"
EndProject
Project("{9A19103F-16F7-4668-BE54-9A1E7A4F7556}") = "Latchet.Infrastructures.Events.Outbox", "src\Infrastructures\Events\Latchet.Infrastructures.Events.Outbox\Latchet.Infrastructures.Events.Outbox.csproj", "{CC0926F8-2E7C-4048-8FAA-D9DC28BC7FA5}"
EndProject
Project("{9A19103F-16F7-4668-BE54-9A1E7A4F7556}") = "Latchet.InfrastructuresEvents.PullingPublisher", "src\Infrastructures\Events\Latchet.InfrastructuresEvents.PullingPublisher\Latchet.InfrastructuresEvents.PullingPublisher.csproj", "{03BF1EE2-EABC-4C11-B2CA-1B260BF4B3FB}"
EndProject
Project("{9A19103F-16F7-4668-BE54-9A1E7A4F7556}") = "Latchet.Persistence.Sql.Queries", "src\Persistence\Latchet.Persistence.Sql.Queries\Latchet.Persistence.Sql.Queries.csproj", "{59360EC2-0755-45CB-9C44-307027E6DF37}"
EndProject
Project("{2150E333-8FDC-42A3-9474-1A3956D46DE8}") = "Application", "Application", "{3D067E0C-452F-4DFA-927E-538E381A57BA}"
EndProject
Project("{9A19103F-16F7-4668-BE54-9A1E7A4F7556}") = "Latchet.Application", "src\Application\Latchet.Application\Latchet.Application.csproj", "{855A1C25-BBD0-47BD-992A-2001C46295F5}"
EndProject
Project("{2150E333-8FDC-42A3-9474-1A3956D46DE8}") = "Messaging", "Messaging", "{45D13D2C-0E7C-4D2E-AE27-305CCA834B62}"
EndProject
Project("{FAE04EC0-301F-11D3-BF4B-00C04F79EFBC}") = "Latchet.Messaging.IdempotentConsumers", "src\Infrastructures\Messaging\Latchet.Messaging.IdempotentConsumers\Latchet.Messaging.IdempotentConsumers.csproj", "{C4240251-B9AC-44B2-83F8-274DAB1BA6A1}"
EndProject
Project("{FAE04EC0-301F-11D3-BF4B-00C04F79EFBC}") = "Latchet.Messaging.IdempotentConsumers.Store.Sql", "src\Infrastructures\Messaging\Latchet.Messaging.IdempotentConsumers.Store.Sql\Latchet.Messaging.IdempotentConsumers.Store.Sql.csproj", "{B3B87B12-3B2A-42E9-B1AB-CE25951ECF5A}"
EndProject
Project("{FAE04EC0-301F-11D3-BF4B-00C04F79EFBC}") = "Latchet.Messaging.MessageBus.RabbitMq", "src\Infrastructures\Messaging\Latchet.Messaging.MessageBus.RabbitMq\Latchet.Messaging.MessageBus.RabbitMq.csproj", "{A0AD8AA6-92D9-4E48-BE1B-32ED283A80D0}"
EndProject
Global
	GlobalSection(SolutionConfigurationPlatforms) = preSolution
		Debug|Any CPU = Debug|Any CPU
		Release|Any CPU = Release|Any CPU
	EndGlobalSection
	GlobalSection(ProjectConfigurationPlatforms) = postSolution
		{2E702B8C-8BEF-4AF5-BDA5-3F553DD8F83A}.Debug|Any CPU.ActiveCfg = Debug|Any CPU
		{2E702B8C-8BEF-4AF5-BDA5-3F553DD8F83A}.Debug|Any CPU.Build.0 = Debug|Any CPU
		{2E702B8C-8BEF-4AF5-BDA5-3F553DD8F83A}.Release|Any CPU.ActiveCfg = Release|Any CPU
		{2E702B8C-8BEF-4AF5-BDA5-3F553DD8F83A}.Release|Any CPU.Build.0 = Release|Any CPU
		{72AE2D2F-BCBE-4866-AD0B-69AEEE644198}.Debug|Any CPU.ActiveCfg = Debug|Any CPU
		{72AE2D2F-BCBE-4866-AD0B-69AEEE644198}.Debug|Any CPU.Build.0 = Debug|Any CPU
		{72AE2D2F-BCBE-4866-AD0B-69AEEE644198}.Release|Any CPU.ActiveCfg = Release|Any CPU
		{72AE2D2F-BCBE-4866-AD0B-69AEEE644198}.Release|Any CPU.Build.0 = Release|Any CPU
		{685C3AE4-FB0E-431C-B3E7-D051CD6240C6}.Debug|Any CPU.ActiveCfg = Debug|Any CPU
		{685C3AE4-FB0E-431C-B3E7-D051CD6240C6}.Debug|Any CPU.Build.0 = Debug|Any CPU
		{685C3AE4-FB0E-431C-B3E7-D051CD6240C6}.Release|Any CPU.ActiveCfg = Release|Any CPU
		{685C3AE4-FB0E-431C-B3E7-D051CD6240C6}.Release|Any CPU.Build.0 = Release|Any CPU
		{E7719F5C-232F-4D10-B452-049BFE4DA503}.Debug|Any CPU.ActiveCfg = Debug|Any CPU
		{E7719F5C-232F-4D10-B452-049BFE4DA503}.Debug|Any CPU.Build.0 = Debug|Any CPU
		{E7719F5C-232F-4D10-B452-049BFE4DA503}.Release|Any CPU.ActiveCfg = Release|Any CPU
		{E7719F5C-232F-4D10-B452-049BFE4DA503}.Release|Any CPU.Build.0 = Release|Any CPU
		{BC466105-EB10-4AE4-9A49-E2CFFCC7C95E}.Debug|Any CPU.ActiveCfg = Debug|Any CPU
		{BC466105-EB10-4AE4-9A49-E2CFFCC7C95E}.Debug|Any CPU.Build.0 = Debug|Any CPU
		{BC466105-EB10-4AE4-9A49-E2CFFCC7C95E}.Release|Any CPU.ActiveCfg = Release|Any CPU
		{BC466105-EB10-4AE4-9A49-E2CFFCC7C95E}.Release|Any CPU.Build.0 = Release|Any CPU
		{CC0926F8-2E7C-4048-8FAA-D9DC28BC7FA5}.Debug|Any CPU.ActiveCfg = Debug|Any CPU
		{CC0926F8-2E7C-4048-8FAA-D9DC28BC7FA5}.Debug|Any CPU.Build.0 = Debug|Any CPU
		{CC0926F8-2E7C-4048-8FAA-D9DC28BC7FA5}.Release|Any CPU.ActiveCfg = Release|Any CPU
		{CC0926F8-2E7C-4048-8FAA-D9DC28BC7FA5}.Release|Any CPU.Build.0 = Release|Any CPU
		{03BF1EE2-EABC-4C11-B2CA-1B260BF4B3FB}.Debug|Any CPU.ActiveCfg = Debug|Any CPU
		{03BF1EE2-EABC-4C11-B2CA-1B260BF4B3FB}.Debug|Any CPU.Build.0 = Debug|Any CPU
		{03BF1EE2-EABC-4C11-B2CA-1B260BF4B3FB}.Release|Any CPU.ActiveCfg = Release|Any CPU
		{03BF1EE2-EABC-4C11-B2CA-1B260BF4B3FB}.Release|Any CPU.Build.0 = Release|Any CPU
		{59360EC2-0755-45CB-9C44-307027E6DF37}.Debug|Any CPU.ActiveCfg = Debug|Any CPU
		{59360EC2-0755-45CB-9C44-307027E6DF37}.Debug|Any CPU.Build.0 = Debug|Any CPU
		{59360EC2-0755-45CB-9C44-307027E6DF37}.Release|Any CPU.ActiveCfg = Release|Any CPU
		{59360EC2-0755-45CB-9C44-307027E6DF37}.Release|Any CPU.Build.0 = Release|Any CPU
		{855A1C25-BBD0-47BD-992A-2001C46295F5}.Debug|Any CPU.ActiveCfg = Debug|Any CPU
		{855A1C25-BBD0-47BD-992A-2001C46295F5}.Debug|Any CPU.Build.0 = Debug|Any CPU
		{855A1C25-BBD0-47BD-992A-2001C46295F5}.Release|Any CPU.ActiveCfg = Release|Any CPU
		{855A1C25-BBD0-47BD-992A-2001C46295F5}.Release|Any CPU.Build.0 = Release|Any CPU
		{C4240251-B9AC-44B2-83F8-274DAB1BA6A1}.Debug|Any CPU.ActiveCfg = Debug|Any CPU
		{C4240251-B9AC-44B2-83F8-274DAB1BA6A1}.Debug|Any CPU.Build.0 = Debug|Any CPU
		{C4240251-B9AC-44B2-83F8-274DAB1BA6A1}.Release|Any CPU.ActiveCfg = Release|Any CPU
		{C4240251-B9AC-44B2-83F8-274DAB1BA6A1}.Release|Any CPU.Build.0 = Release|Any CPU
		{B3B87B12-3B2A-42E9-B1AB-CE25951ECF5A}.Debug|Any CPU.ActiveCfg = Debug|Any CPU
		{B3B87B12-3B2A-42E9-B1AB-CE25951ECF5A}.Debug|Any CPU.Build.0 = Debug|Any CPU
		{B3B87B12-3B2A-42E9-B1AB-CE25951ECF5A}.Release|Any CPU.ActiveCfg = Release|Any CPU
		{B3B87B12-3B2A-42E9-B1AB-CE25951ECF5A}.Release|Any CPU.Build.0 = Release|Any CPU
		{A0AD8AA6-92D9-4E48-BE1B-32ED283A80D0}.Debug|Any CPU.ActiveCfg = Debug|Any CPU
		{A0AD8AA6-92D9-4E48-BE1B-32ED283A80D0}.Debug|Any CPU.Build.0 = Debug|Any CPU
		{A0AD8AA6-92D9-4E48-BE1B-32ED283A80D0}.Release|Any CPU.ActiveCfg = Release|Any CPU
		{A0AD8AA6-92D9-4E48-BE1B-32ED283A80D0}.Release|Any CPU.Build.0 = Release|Any CPU
	EndGlobalSection
	GlobalSection(SolutionProperties) = preSolution
		HideSolutionNode = FALSE
	EndGlobalSection
	GlobalSection(NestedProjects) = preSolution
		{D6ABE6AC-E2DE-4CC1-9C10-494A0CE1EF1F} = {DB7A3565-47A1-4693-A47F-8608995CE348}
		{2E702B8C-8BEF-4AF5-BDA5-3F553DD8F83A} = {D6ABE6AC-E2DE-4CC1-9C10-494A0CE1EF1F}
		{155C70F2-CFF5-41C0-84CB-3A97F8A83D71} = {DB7A3565-47A1-4693-A47F-8608995CE348}
		{72AE2D2F-BCBE-4866-AD0B-69AEEE644198} = {155C70F2-CFF5-41C0-84CB-3A97F8A83D71}
		{4C9CC590-FD60-415E-A954-7D199EA85E4B} = {DB7A3565-47A1-4693-A47F-8608995CE348}
		{685C3AE4-FB0E-431C-B3E7-D051CD6240C6} = {4C9CC590-FD60-415E-A954-7D199EA85E4B}
		{E7719F5C-232F-4D10-B452-049BFE4DA503} = {155C70F2-CFF5-41C0-84CB-3A97F8A83D71}
		{BC466105-EB10-4AE4-9A49-E2CFFCC7C95E} = {155C70F2-CFF5-41C0-84CB-3A97F8A83D71}
		{F9E6BB8E-714B-4E8A-9C7A-94EBB355D42F} = {DB7A3565-47A1-4693-A47F-8608995CE348}
		{2F12810A-87AA-49E2-8C79-042AE6EAEC7C} = {F9E6BB8E-714B-4E8A-9C7A-94EBB355D42F}
		{CC0926F8-2E7C-4048-8FAA-D9DC28BC7FA5} = {2F12810A-87AA-49E2-8C79-042AE6EAEC7C}
		{03BF1EE2-EABC-4C11-B2CA-1B260BF4B3FB} = {2F12810A-87AA-49E2-8C79-042AE6EAEC7C}
		{59360EC2-0755-45CB-9C44-307027E6DF37} = {155C70F2-CFF5-41C0-84CB-3A97F8A83D71}
		{3D067E0C-452F-4DFA-927E-538E381A57BA} = {DB7A3565-47A1-4693-A47F-8608995CE348}
		{855A1C25-BBD0-47BD-992A-2001C46295F5} = {3D067E0C-452F-4DFA-927E-538E381A57BA}
		{45D13D2C-0E7C-4D2E-AE27-305CCA834B62} = {F9E6BB8E-714B-4E8A-9C7A-94EBB355D42F}
		{C4240251-B9AC-44B2-83F8-274DAB1BA6A1} = {45D13D2C-0E7C-4D2E-AE27-305CCA834B62}
		{B3B87B12-3B2A-42E9-B1AB-CE25951ECF5A} = {45D13D2C-0E7C-4D2E-AE27-305CCA834B62}
		{A0AD8AA6-92D9-4E48-BE1B-32ED283A80D0} = {45D13D2C-0E7C-4D2E-AE27-305CCA834B62}
	EndGlobalSection
	GlobalSection(ExtensibilityGlobals) = postSolution
		SolutionGuid = {3E4BCE3C-8A95-4B67-A372-8173F5CCC226}
	EndGlobalSection
EndGlobal
