
Microsoft Visual Studio Solution File, Format Version 12.00
# Visual Studio Version 16
VisualStudioVersion = 16.0.31025.194
MinimumVisualStudioVersion = 10.0.40219.1
Project("{2150E333-8FDC-42A3-9474-1A3956D46DE8}") = "src", "src", "{DB7A3565-47A1-4693-A47F-8608995CE348}"
EndProject
Project("{2150E333-8FDC-42A3-9474-1A3956D46DE8}") = "Domain", "Domain", "{D6ABE6AC-E2DE-4CC1-9C10-494A0CE1EF1F}"
EndProject
Project("{9A19103F-16F7-4668-BE54-9A1E7A4F7556}") = "Latchet.Domain", "src\Domain\Latchet.Domain\Latchet.Domain.csproj", "{2E702B8C-8BEF-4AF5-BDA5-3F553DD8F83A}"
EndProject
Project("{2150E333-8FDC-42A3-9474-1A3956D46DE8}") = "Application", "Application", "{575DABCF-8359-4ED9-B093-CF2CFFB37AF2}"
EndProject
Project("{9A19103F-16F7-4668-BE54-9A1E7A4F7556}") = "Latchet.Application", "src\Application\Latchet.Application\Latchet.Application.csproj", "{74C8EF90-8D57-4F0D-B67B-3DA886F87376}"
EndProject
Project("{2150E333-8FDC-42A3-9474-1A3956D46DE8}") = "Persistence", "Persistence", "{9C52EC00-C04D-4DEB-9D06-C641F02E420A}"
EndProject
Project("{2150E333-8FDC-42A3-9474-1A3956D46DE8}") = "Sql", "Sql", "{7FA643BE-42B7-453A-8FF1-3250728D0EB2}"
EndProject
Project("{9A19103F-16F7-4668-BE54-9A1E7A4F7556}") = "Latchet.Persistence.Sql.Commands", "src\Persistence\Sql\Latchet.Persistence.Sql\Latchet.Persistence.Sql.Commands\Latchet.Persistence.Sql.Commands.csproj", "{40F8673C-0138-4E72-938A-5268AF496466}"
EndProject
Project("{2150E333-8FDC-42A3-9474-1A3956D46DE8}") = "test", "test", "{5301CE27-5647-411A-87B9-A9F285B47C55}"
EndProject
Project("{2150E333-8FDC-42A3-9474-1A3956D46DE8}") = "Domain", "Domain", "{F4F8A2CF-2F4D-4AAF-8A67-4BDE59BC803D}"
EndProject
Project("{FAE04EC0-301F-11D3-BF4B-00C04F79EFBC}") = "Latchet.Persistence.Sql.Queries", "src\Persistence\Sql\Latchet.Persistence.Sql.Queries\Latchet.Persistence.Sql.Queries.csproj", "{FF9FF2BC-A1FB-44D0-B1F4-C43BC1D7909E}"
EndProject
Global
	GlobalSection(SolutionConfigurationPlatforms) = preSolution
		Debug|Any CPU = Debug|Any CPU
		Release|Any CPU = Release|Any CPU
	EndGlobalSection
	GlobalSection(ProjectConfigurationPlatforms) = postSolution
		{2E702B8C-8BEF-4AF5-BDA5-3F553DD8F83A}.Debug|Any CPU.ActiveCfg = Debug|Any CPU
		{2E702B8C-8BEF-4AF5-BDA5-3F553DD8F83A}.Debug|Any CPU.Build.0 = Debug|Any CPU
		{2E702B8C-8BEF-4AF5-BDA5-3F553DD8F83A}.Release|Any CPU.ActiveCfg = Release|Any CPU
		{2E702B8C-8BEF-4AF5-BDA5-3F553DD8F83A}.Release|Any CPU.Build.0 = Release|Any CPU
		{74C8EF90-8D57-4F0D-B67B-3DA886F87376}.Debug|Any CPU.ActiveCfg = Debug|Any CPU
		{74C8EF90-8D57-4F0D-B67B-3DA886F87376}.Debug|Any CPU.Build.0 = Debug|Any CPU
		{74C8EF90-8D57-4F0D-B67B-3DA886F87376}.Release|Any CPU.ActiveCfg = Release|Any CPU
		{74C8EF90-8D57-4F0D-B67B-3DA886F87376}.Release|Any CPU.Build.0 = Release|Any CPU
		{40F8673C-0138-4E72-938A-5268AF496466}.Debug|Any CPU.ActiveCfg = Debug|Any CPU
		{40F8673C-0138-4E72-938A-5268AF496466}.Debug|Any CPU.Build.0 = Debug|Any CPU
		{40F8673C-0138-4E72-938A-5268AF496466}.Release|Any CPU.ActiveCfg = Release|Any CPU
		{40F8673C-0138-4E72-938A-5268AF496466}.Release|Any CPU.Build.0 = Release|Any CPU
		{FF9FF2BC-A1FB-44D0-B1F4-C43BC1D7909E}.Debug|Any CPU.ActiveCfg = Debug|Any CPU
		{FF9FF2BC-A1FB-44D0-B1F4-C43BC1D7909E}.Debug|Any CPU.Build.0 = Debug|Any CPU
		{FF9FF2BC-A1FB-44D0-B1F4-C43BC1D7909E}.Release|Any CPU.ActiveCfg = Release|Any CPU
		{FF9FF2BC-A1FB-44D0-B1F4-C43BC1D7909E}.Release|Any CPU.Build.0 = Release|Any CPU
	EndGlobalSection
	GlobalSection(SolutionProperties) = preSolution
		HideSolutionNode = FALSE
	EndGlobalSection
	GlobalSection(NestedProjects) = preSolution
		{D6ABE6AC-E2DE-4CC1-9C10-494A0CE1EF1F} = {DB7A3565-47A1-4693-A47F-8608995CE348}
		{2E702B8C-8BEF-4AF5-BDA5-3F553DD8F83A} = {D6ABE6AC-E2DE-4CC1-9C10-494A0CE1EF1F}
		{575DABCF-8359-4ED9-B093-CF2CFFB37AF2} = {DB7A3565-47A1-4693-A47F-8608995CE348}
		{74C8EF90-8D57-4F0D-B67B-3DA886F87376} = {575DABCF-8359-4ED9-B093-CF2CFFB37AF2}
		{9C52EC00-C04D-4DEB-9D06-C641F02E420A} = {DB7A3565-47A1-4693-A47F-8608995CE348}
		{7FA643BE-42B7-453A-8FF1-3250728D0EB2} = {9C52EC00-C04D-4DEB-9D06-C641F02E420A}
		{40F8673C-0138-4E72-938A-5268AF496466} = {7FA643BE-42B7-453A-8FF1-3250728D0EB2}
		{F4F8A2CF-2F4D-4AAF-8A67-4BDE59BC803D} = {5301CE27-5647-411A-87B9-A9F285B47C55}
		{FF9FF2BC-A1FB-44D0-B1F4-C43BC1D7909E} = {7FA643BE-42B7-453A-8FF1-3250728D0EB2}
	EndGlobalSection
	GlobalSection(ExtensibilityGlobals) = postSolution
		SolutionGuid = {3E4BCE3C-8A95-4B67-A372-8173F5CCC226}
	EndGlobalSection
EndGlobal
